
Microsoft Visual Studio Solution File, Format Version 12.00
Project("{FAE04EC0-301F-11D3-BF4B-00C04F79EFBC}") = "FieldValidatorAPI", "FieldValidatorAPI\FieldValidatorAPI.csproj", "{B8C7E874-0EA7-4C45-BB1C-AF7243F65E90}"
EndProject
Project("{FAE04EC0-301F-11D3-BF4B-00C04F79EFBC}") = "ClubMembershipApplication", "ClubMembershipApplication\ClubMembershipApplication.csproj", "{25A7CC72-0B5E-4AB5-ACB8-29501E559EA1}"
EndProject
Global
	GlobalSection(SolutionConfigurationPlatforms) = preSolution
		Debug|Any CPU = Debug|Any CPU
		Release|Any CPU = Release|Any CPU
	EndGlobalSection
	GlobalSection(ProjectConfigurationPlatforms) = postSolution
		{B8C7E874-0EA7-4C45-BB1C-AF7243F65E90}.Debug|Any CPU.ActiveCfg = Debug|Any CPU
		{B8C7E874-0EA7-4C45-BB1C-AF7243F65E90}.Debug|Any CPU.Build.0 = Debug|Any CPU
		{B8C7E874-0EA7-4C45-BB1C-AF7243F65E90}.Release|Any CPU.ActiveCfg = Release|Any CPU
		{B8C7E874-0EA7-4C45-BB1C-AF7243F65E90}.Release|Any CPU.Build.0 = Release|Any CPU
		{25A7CC72-0B5E-4AB5-ACB8-29501E559EA1}.Debug|Any CPU.ActiveCfg = Debug|Any CPU
		{25A7CC72-0B5E-4AB5-ACB8-29501E559EA1}.Debug|Any CPU.Build.0 = Debug|Any CPU
		{25A7CC72-0B5E-4AB5-ACB8-29501E559EA1}.Release|Any CPU.ActiveCfg = Release|Any CPU
		{25A7CC72-0B5E-4AB5-ACB8-29501E559EA1}.Release|Any CPU.Build.0 = Release|Any CPU
	EndGlobalSection
EndGlobal
